lockfileVersion: '9.0'

settings:
  autoInstallPeers: true
  excludeLinksFromLockfile: false

overrides:
  braces: file:ops/vendor/braces
  fast-xml-parser@>=5.0.0 <5.7.0: ^5.7.0
  ajv@>=8.0.0 <8.18.0: ^8.18.0
  picomatch@>=2.0.0 <2.3.2: ^2.3.2
  picomatch@>=4.0.0 <4.0.4: ^4.0.4
  yaml@>=1.0.0 <1.10.3: ^1.10.3
  yaml@>=2.0.0 <2.8.3: ^2.8.3
  dompurify@>=3.0.0 <3.4.13: ^3.4.13
  fast-uri@>=3.0.0 <3.1.8: ^3.1.8
  markdown-it@>=14.0.0 <14.3.1: ^14.3.1
  linkify-it@>=5.0.0 <5.0.2: ^5.0.2
  nanoid@>=3.0.0 <3.3.18: ^3.3.18
  nanoid@>=5.0.0 <5.1.16: ^5.1.16
  postcss@>=8.0.0 <8.5.23: ^8.5.23
  sharp@>=0.34.0 <0.35.4: ^0.35.4
  js-yaml@>=3.0.0 <3.15.2: ^3.15.2
  browserslist@>=4.0.0 <4.28.7: ^4.28.7
  baseline-browser-mapping@>=2.0.0 <2.11.0: ^2.11.0
  '@babel/core@>=7.0.0 <7.29.6': ^7.29.6
  icu-minify@>=4.9.0 <4.9.2: ^4.9.2
  '@ai-sdk/provider-utils@>=4.0.0 <4.0.33': ^4.0.33
  esbuild@>=0.18.0 <0.25.0: ^0.25.12
  ajv@>=6.0.0 <6.14.0: ^6.14.0
  '@humanfs/node@>=0.16.0 <0.16.8': ^0.16.8
  '@tootallnate/once@>=2.0.0 <2.0.1': ^2.0.1
  brace-expansion@>=1.0.0 <1.1.21: ^1.1.21
  brace-expansion@>=2.0.0 <2.1.7: ^2.1.7
  brace-expansion@>=5.0.0 <5.0.12: ^5.0.12
  flatted@>=3.0.0 <3.4.2: ^3.4.2
  form-data@>=4.0.0 <4.0.6: ^4.0.6
  handlebars@>=4.0.0 <4.7.9: ^4.7.9
  minimatch@>=3.0.0 <3.1.4: ^3.1.4
  minimatch@>=9.0.0 <9.0.7: ^9.0.7
  js-yaml@>=4.0.0 <4.3.2: ^4.3.2
  undici@>=7.0.0 <7.29.1: ^7.29.1
  ws@>=8.0.0 <8.21.0: ^8.21.0
  image-size@>=2.0.0 <2.0.3: ^2.0.3

importers:
  .:
    dependencies:
      '@ai-sdk/openai':
        specifier: ^3.0.12
        version: 3.0.12(zod@4.3.5)
      '@ai-sdk/react':
        specifier: ^3.0.44
        version: 3.0.44(react@19.2.8)(zod@4.3.5)
      '@aws-sdk/client-s3':
        specifier: ^3.971.0
        version: 3.971.0
      '@aws-sdk/s3-request-presigner':
        specifier: ^3.971.0
        version: 3.971.0
      '@heroicons/react':
        specifier: ^2.2.0
        version: 2.2.0(react@19.2.8)
      '@hookform/resolvers':
        specifier: ^5.2.2
        version: 5.2.2(react-hook-form@7.71.1(react@19.2.8))
      '@monaco-editor/react':
        specifier: ^4.7.0
        version: 4.7.0(monaco-editor@0.55.1)(react-dom@19.2.8(react@19.2.8))(react@19.2.8)
      '@radix-ui/react-accordion':
        specifier: ^1.2.12
        version: 1.2.12(@types/react-dom@19.2.3(@types/react@19.2.8))(@types/react@19.2.8)(react-dom@19.2.8(react@19.2.8))(react@19.2.8)
      '@radix-ui/react-avatar':
        specifier: ^1.1.11
        version: 1.1.11(@types/react-dom@19.2.3(@types/react@19.2.8))(@types/react@19.2.8)(react-dom@19.2.8(react@19.2.8))(react@19.2.8)
      '@radix-ui/react-checkbox':
        specifier: ^1.3.3
        version: 1.3.3(@types/react-dom@19.2.3(@types/react@19.2.8))(@types/react@19.2.8)(react-dom@19.2.8(react@19.2.8))(react@19.2.8)
      '@radix-ui/react-dialog':
        specifier: ^1.1.15
        version: 1.1.15(@types/react-dom@19.2.3(@types/react@19.2.8))(@types/react@19.2.8)(react-dom@19.2.8(react@19.2.8))(react@19.2.8)
      '@radix-ui/react-dropdown-menu':
        specifier: ^2.1.16
        version: 2.1.16(@types/react-dom@19.2.3(@types/react@19.2.8))(@types/react@19.2.8)(react-dom@19.2.8(react@19.2.8))(react@19.2.8)
      '@radix-ui/react-hover-card':
        specifier: ^1.1.15
        version: 1.1.15(@types/react-dom@19.2.3(@types/react@19.2.8))(@types/react@19.2.8)(react-dom@19.2.8(react@19.2.8))(react@19.2.8)
      '@radix-ui/react-label':
        specifier: ^2.1.8
        version: 2.1.8(@types/react-dom@19.2.3(@types/react@19.2.8))(@types/react@19.2.8)(react-dom@19.2.8(react@19.2.8))(react@19.2.8)
      '@radix-ui/react-popover':
        specifier: ^1.1.15
        version: 1.1.15(@types/react-dom@19.2.3(@types/react@19.2.8))(@types/react@19.2.8)(react-dom@19.2.8(react@19.2.8))(react@19.2.8)
      '@radix-ui/react-progress':
        specifier: ^1.1.8
        version: 1.1.8(@types/react-dom@19.2.3(@types/react@19.2.8))(@types/react@19.2.8)(react-dom@19.2.8(react@19.2.8))(react@19.2.8)
      '@radix-ui/react-radio-group':
        specifier: ^1.3.8
        version: 1.3.8(@types/react-dom@19.2.3(@types/react@19.2.8))(@types/react@19.2.8)(react-dom@19.2.8(react@19.2.8))(react@19.2.8)
      '@radix-ui/react-scroll-area':
        specifier: ^1.2.10
        version: 1.2.10(@types/react-dom@19.2.3(@types/react@19.2.8))(@types/react@19.2.8)(react-dom@19.2.8(react@19.2.8))(react@19.2.8)
      '@radix-ui/react-select':
        specifier: ^2.2.6
        version: 2.2.6(@types/react-dom@19.2.3(@types/react@19.2.8))(@types/react@19.2.8)(react-dom@19.2.8(react@19.2.8))(react@19.2.8)
      '@radix-ui/react-separator':
        specifier: ^1.1.8
        version: 1.1.8(@types/react-dom@19.2.3(@types/react@19.2.8))(@types/react@19.2.8)(react-dom@19.2.8(react@19.2.8))(react@19.2.8)
      '@radix-ui/react-slider':
        specifier: ^1.3.6
        version: 1.3.6(@types/react-dom@19.2.3(@types/react@19.2.8))(@types/react@19.2.8)(react-dom@19.2.8(react@19.2.8))(react@19.2.8)
      '@radix-ui/react-slot':
        specifier: ^1.2.4
        version: 1.2.4(@types/react@19.2.8)(react@19.2.8)
      '@radix-ui/react-switch':
        specifier: ^1.2.6
        version: 1.2.6(@types/react-dom@19.2.3(@types/react@19.2.8))(@types/react@19.2.8)(react-dom@19.2.8(react@19.2.8))(react@19.2.8)
      '@radix-ui/react-tabs':
        specifier: ^1.1.13
        version: 1.1.13(@types/react-dom@19.2.3(@types/react@19.2.8))(@types/react@19.2.8)(react-dom@19.2.8(react@19.2.8))(react@19.2.8)
      '@radix-ui/react-toast':
        specifier: ^1.2.15
        version: 1.2.15(@types/react-dom@19.2.3(@types/react@19.2.8))(@types/react@19.2.8)(react-dom@19.2.8(react@19.2.8))(react@19.2.8)
      '@radix-ui/react-tooltip':
        specifier: ^1.2.8
        version: 1.2.8(@types/react-dom@19.2.3(@types/react@19.2.8))(@types/react@19.2.8)(react-dom@19.2.8(react@19.2.8))(react@19.2.8)
      '@react-pdf/renderer':
        specifier: ^4.3.2
        version: 4.3.2(react@19.2.8)
      '@t3-oss/env-nextjs':
        specifier: ^0.13.10
        version: 0.13.10(typescript@5.9.3)(zod@4.3.5)
      '@tailwindcss/postcss':
        specifier: ^4.1.18
        version: 4.1.18
      '@tiptap/core':
        specifier: ^3.30.5
        version: 3.31.3(@tiptap/pm@3.31.3)
      '@tiptap/extension-image':
        specifier: ^3.30.5
        version: 3.31.3(@tiptap/core@3.31.3(@tiptap/pm@3.31.3))
      '@tiptap/extension-link':
        specifier: ^3.30.5
        version: 3.31.3(@tiptap/core@3.31.3(@tiptap/pm@3.31.3))(@tiptap/pm@3.31.3)
      '@tiptap/extension-placeholder':
        specifier: ^3.30.5
        version: 3.31.3(@tiptap/extensions@3.31.3(@tiptap/core@3.31.3(@tiptap/pm@3.31.3))(@tiptap/pm@3.31.3))
      '@tiptap/pm':
        specifier: ^3.30.5
        version: 3.31.3
      '@tiptap/react':
        specifier: ^3.30.5
        version: 3.31.3(@floating-ui/dom@1.7.4)(@tiptap/core@3.31.3(@tiptap/pm@3.31.3))(@tiptap/pm@3.31.3)(@types/react-dom@19.2.3(@types/react@19.2.8))(@types/react@19.2.8)(react-dom@19.2.8(react@19.2.8))(react@19.2.8)
      '@tiptap/starter-kit':
        specifier: ^3.30.5
        version: 3.31.3
      '@vinext/cloudflare':
        specifier: 1.0.0-beta.7
        version: 1.0.0-beta.7(vinext@1.0.0-beta.9(@vitejs/plugin-react@6.1.1(vite@8.2.2(@types/node@22.19.7)(esbuild@0.25.12)(jiti@2.7.0)(terser@5.46.0)(tsx@4.21.0)(yaml@2.8.3)))(@vitejs/plugin-rsc@0.5.34(react-dom@19.2.8(react@19.2.8))(react-server-dom-webpack@19.2.8(react-dom@19.2.8(react@19.2.8))(react@19.2.8)(webpack@5.105.4(esbuild@0.25.12)))(react@19.2.8)(vite@8.2.2(@types/node@22.19.7)(esbuild@0.25.12)(jiti@2.7.0)(terser@5.46.0)(tsx@4.21.0)(yaml@2.8.3)))(next@16.3.7(@babel/core@7.29.6)(@opentelemetry/api@1.9.0)(@types/node@22.19.7)(babel-plugin-macros@3.1.0)(react-dom@19.2.8(react@19.2.8))(react@19.2.8))(react-dom@19.2.8(react@19.2.8))(react-server-dom-webpack@19.2.8(react-dom@19.2.8(react@19.2.8))(react@19.2.8)(webpack@5.105.4(esbuild@0.25.12)))(react@19.2.8)(vite@8.2.2(@types/node@22.19.7)(esbuild@0.25.12)(jiti@2.7.0)(terser@5.46.0)(tsx@4.21.0)(yaml@2.8.3)))
      '@xyflow/react':
        specifier: ^12.10.0
        version: 12.10.0(@types/react@19.2.8)(immer@11.1.3)(react-dom@19.2.8(react@19.2.8))(react@19.2.8)
      ai:
        specifier: ^6.0.42
        version: 6.0.42(zod@4.3.5)
      class-variance-authority:
        specifier: ^0.7.1
        version: 0.7.1
      clsx:
        specifier: ^2.1.1
        version: 2.1.1
      cmdk:
        specifier: ^1.1.1
        version: 1.1.1(@types/react-dom@19.2.3(@types/react@19.2.8))(@types/react@19.2.8)(react-dom@19.2.8(react@19.2.8))(react@19.2.8)
      date-fns:
        specifier: ^4.1.0
        version: 4.1.0
      dompurify:
        specifier: ^3.4.13
        version: 3.4.16
      driver.js:
        specifier: ^1.4.0
        version: 1.4.0
      drizzle-orm:
        specifier: ^0.45.2
        version: 0.45.3(@electric-sql/pglite@0.5.8)(@opentelemetry/api@1.9.0)(@types/pg@8.16.0)(pg@8.17.2)(postgres@3.4.8)
      fuse.js:
        specifier: ^7.1.0
        version: 7.1.0
      gray-matter:
        specifier: ^4.0.3
        version: 4.0.3
      lightningcss:
        specifier: ^1.31.1
        version: 1.31.1
      lucide-react:
        specifier: ^0.562.0
        version: 0.562.0(react@19.2.8)
      nanoid:
        specifier: ^5.1.16
        version: 5.1.16
      next:
        specifier: ^16.3.3
        version: 16.3.7(@babel/core@7.29.6)(@opentelemetry/api@1.9.0)(@types/node@22.19.7)(babel-plugin-macros@3.1.0)(react-dom@19.2.8(react@19.2.8))(react@19.2.8)
      next-intl:
        specifier: ^4.9.2
        version: 4.14.8(@swc/helpers@0.5.23)(@types/react@19.2.8)(next@16.3.7(@babel/core@7.29.6)(@opentelemetry/api@1.9.0)(@types/node@22.19.7)(babel-plugin-macros@3.1.0)(react-dom@19.2.8(react@19.2.8))(react@19.2.8))(react@19.2.8)
      next-themes:
        specifier: ^0.4.6
        version: 0.4.6(react-dom@19.2.8(react@19.2.8))(react@19.2.8)
      octokit:
        specifier: ^5.0.5
        version: 5.0.5
      openai:
        specifier: ^6.16.0
        version: 6.16.0(ws@8.21.0)(zod@4.3.5)
      papaparse:
        specifier: ^5.5.3
        version: 5.5.3
      pdf-parse:
        specifier: ^2.4.5
        version: 2.4.5
      pino:
        specifier: ^10.2.1
        version: 10.2.1
      pino-pretty:
        specifier: ^13.1.3
        version: 13.1.3
      postal-mime:
        specifier: ^2.7.5
        version: 2.7.5
      postgres:
        specifier: ^3.4.8
        version: 3.4.8
      react:
        specifier: ^19.2.8
        version: 19.2.8
      react-dom:
        specifier: ^19.2.8
        version: 19.2.8(react@19.2.8)
      react-hook-form:
        specifier: ^7.71.1
        version: 7.71.1(react@19.2.8)
      react-markdown:
        specifier: ^10.1.0
        version: 10.1.0(@types/react@19.2.8)(react@19.2.8)
      react-organizational-chart:
        specifier: ^2.2.1
        version: 2.2.1(react-dom@19.2.8(react@19.2.8))(react@19.2.8)
      react-server-dom-webpack:
        specifier: ^19.2.8
        version: 19.2.8(react-dom@19.2.8(react@19.2.8))(react@19.2.8)(webpack@5.105.4(esbuild@0.25.12))
      recharts:
        specifier: ^3.7.0
        version: 3.7.0(@types/react@19.2.8)(react-dom@19.2.8(react@19.2.8))(react-is@18.3.1)(react@19.2.8)(redux@5.0.1)
      remark-gfm:
        specifier: ^4.0.1
        version: 4.0.1
      sonner:
        specifier: ^2.0.7
        version: 2.0.7(react-dom@19.2.8(react@19.2.8))(react@19.2.8)
      tailwind-merge:
        specifier: ^3.4.0
        version: 3.4.0
      tailwindcss-animate:
        specifier: ^1.0.7
        version: 1.0.7(tailwindcss@4.1.18)
      uuid:
        specifier: ^13.0.1
        version: 13.0.2
      vinext:
        specifier: 1.0.0-beta.9
        version: 1.0.0-beta.9(@vitejs/plugin-react@6.1.1(vite@8.2.2(@types/node@22.19.7)(esbuild@0.25.12)(jiti@2.7.0)(terser@5.46.0)(tsx@4.21.0)(yaml@2.8.3)))(@vitejs/plugin-rsc@0.5.34(react-dom@19.2.8(react@19.2.8))(react-server-dom-webpack@19.2.8(react-dom@19.2.8(react@19.2.8))(react@19.2.8)(webpack@5.105.4(esbuild@0.25.12)))(react@19.2.8)(vite@8.2.2(@types/node@22.19.7)(esbuild@0.25.12)(jiti@2.7.0)(terser@5.46.0)(tsx@4.21.0)(yaml@2.8.3)))(next@16.3.7(@babel/core@7.29.6)(@opentelemetry/api@1.9.0)(@types/node@22.19.7)(babel-plugin-macros@3.1.0)(react-dom@19.2.8(react@19.2.8))(react@19.2.8))(react-dom@19.2.8(react@19.2.8))(react-server-dom-webpack@19.2.8(react-dom@19.2.8(react@19.2.8))(react@19.2.8)(webpack@5.105.4(esbuild@0.25.12)))(react@19.2.8)(vite@8.2.2(@types/node@22.19.7)(esbuild@0.25.12)(jiti@2.7.0)(terser@5.46.0)(tsx@4.21.0)(yaml@2.8.3))
      zod:
        specifier: ^4.3.5
        version: 4.3.5
    devDependencies:
      '@aws-sdk/client-secrets-manager':
        specifier: ^3.978.0
        version: 3.978.0
      '@aws-sdk/client-ssm':
        specifier: ^3.978.0
        version: 3.990.0
      '@cloudflare/vite-plugin':
        specifier: ^1.54.4
        version: 1.54.4(@types/node@22.19.7)(vite@8.2.2(@types/node@22.19.7)(esbuild@0.25.12)(jiti@2.7.0)(terser@5.46.0)(tsx@4.21.0)(yaml@2.8.3))(wrangler@4.129.0(@types/node@22.19.7))
      '@commitlint/cli':
        specifier: ^19.8.1
        version: 19.8.1(@types/node@22.19.7)(typescript@5.9.3)
      '@commitlint/config-conventional':
        specifier: ^19.8.1
        version: 19.8.1
      '@electric-sql/pglite':
        specifier: 0.5.8
        version: 0.5.8
      '@next/eslint-plugin-next':
        specifier: ^15.5.9
        version: 15.5.9
      '@storybook/nextjs-vite':
        specifier: ^10.2.16
        version: 10.2.16(@babel/core@7.29.6)(babel-plugin-macros@3.1.0)(esbuild@0.25.12)(next@16.3.7(@babel/core@7.29.6)(@opentelemetry/api@1.9.0)(@types/node@22.19.7)(babel-plugin-macros@3.1.0)(react-dom@19.2.8(react@19.2.8))(react@19.2.8))(react-dom@19.2.8(react@19.2.8))(react@19.2.8)(rollup@4.59.0)(storybook@10.2.16(@testing-library/dom@10.4.1)(prettier@3.8.0)(react-dom@19.2.8(react@19.2.8))(react@19.2.8))(typescript@5.9.3)(vite@8.2.2(@types/node@22.19.7)(esbuild@0.25.12)(jiti@2.7.0)(terser@5.46.0)(tsx@4.21.0)(yaml@2.8.3))(webpack@5.105.4(esbuild@0.25.12))
      '@storybook/react':
        specifier: ^10.2.16
        version: 10.2.16(react-dom@19.2.8(react@19.2.8))(react@19.2.8)(storybook@10.2.16(@testing-library/dom@10.4.1)(prettier@3.8.0)(react-dom@19.2.8(react@19.2.8))(react@19.2.8))(typescript@5.9.3)
      '@tailwindcss/typography':
        specifier: ^0.5.19
        version: 0.5.19(tailwindcss@4.1.18)
      '@tailwindcss/vite':
        specifier: ^4.3.3
        version: 4.3.3(vite@8.2.2(@types/node@22.19.7)(esbuild@0.25.12)(jiti@2.7.0)(terser@5.46.0)(tsx@4.21.0)(yaml@2.8.3))
      '@testing-library/jest-dom':
        specifier: ^6.9.1
        version: 6.9.1
      '@testing-library/react':
        specifier: ^16.3.2
        version: 16.3.2(@testing-library/dom@10.4.1)(@types/react-dom@19.2.3(@types/react@19.2.8))(@types/react@19.2.8)(react-dom@19.2.8(react@19.2.8))(react@19.2.8)
      '@testing-library/user-event':
        specifier: ^14.6.1
        version: 14.6.1(@testing-library/dom@10.4.1)
      '@types/jest':
        specifier: ^29.5.14
        version: 29.5.14
      '@types/node':
        specifier: ^22.19.7
        version: 22.19.7
      '@types/papaparse':
        specifier: ^5.5.2
        version: 5.5.2
      '@types/pdf-parse':
        specifier: ^1.1.5
        version: 1.1.5
      '@types/react':
        specifier: ^19.2.8
        version: 19.2.8
      '@types/react-dom':
        specifier: ^19.2.3
        version: 19.2.3(@types/react@19.2.8)
      '@typescript-eslint/eslint-plugin':
        specifier: ^8.53.1
        version: 8.53.1(@typescript-eslint/parser@8.53.1(eslint@9.39.2(jiti@2.7.0))(typescript@5.9.3))(eslint@9.39.2(jiti@2.7.0))(typescript@5.9.3)
      '@vitejs/plugin-react':
        specifier: ^6.1.1
        version: 6.1.1(vite@8.2.2(@types/node@22.19.7)(esbuild@0.25.12)(jiti@2.7.0)(terser@5.46.0)(tsx@4.21.0)(yaml@2.8.3))
      '@vitejs/plugin-rsc':
        specifier: ^0.5.34
        version: 0.5.34(react-dom@19.2.8(react@19.2.8))(react-server-dom-webpack@19.2.8(react-dom@19.2.8(react@19.2.8))(react@19.2.8)(webpack@5.105.4(esbuild@0.25.12)))(react@19.2.8)(vite@8.2.2(@types/node@22.19.7)(esbuild@0.25.12)(jiti@2.7.0)(terser@5.46.0)(tsx@4.21.0)(yaml@2.8.3))
      autoprefixer:
        specifier: ^10.4.23
        version: 10.4.23(postcss@8.5.28)
      buffer:
        specifier: ^6.0.3
        version: 6.0.3
   